
Microsoft Visual Studio Solution File, Format Version 12.00
# Visual Studio 15
VisualStudioVersion = 15.0.28307.1831
MinimumVisualStudioVersion = 10.0.40219.1
Project("{8BC9CEB8-8B4A-11D0-8D11-00A0C91BC942}") = "B+트리", "B+트리.vcxproj", "{A7523E0F-8A42-4E3B-8F71-41FFD953F620}"
EndProject
Global
	GlobalSection(SolutionConfigurationPlatforms) = preSolution
		Debug|x86 = Debug|x86
		Release|x86 = Release|x86
	EndGlobalSection
	GlobalSection(ProjectConfigurationPlatforms) = postSolution
		{A7523E0F-8A42-4E3B-8F71-41FFD953F620}.Debug|x86.ActiveCfg = Debug|Win32
		{A7523E0F-8A42-4E3B-8F71-41FFD953F620}.Debug|x86.Build.0 = Debug|Win32
		{A7523E0F-8A42-4E3B-8F71-41FFD953F620}.Release|x86.ActiveCfg = Release|Win32
		{A7523E0F-8A42-4E3B-8F71-41FFD953F620}.Release|x86.Build.0 = Release|Win32
	EndGlobalSection
	GlobalSection(SolutionProperties) = preSolution
		HideSolutionNode = FALSE
	EndGlobalSection
	GlobalSection(ExtensibilityGlobals) = postSolution
		SolutionGuid = {30A3B638-D193-48BF-9CA7-A9D15E2C9A35}
	EndGlobalSection
EndGlobal
